
Microsoft Visual Studio Solution File, Format Version 12.00
# Visual Studio Version 16
VisualStudioVersion = 16.0.32802.440
MinimumVisualStudioVersion = 10.0.40219.1
Project("{FAE04EC0-301F-11D3-BF4B-00C04F79EFBC}") = "bai 1", "bai 1\bai 1.csproj", "{DA524AE6-48D7-4A1A-AF58-0D4845B52D57}"
EndProject
Global
	GlobalSection(SolutionConfigurationPlatforms) = preSolution
		Debug|Any CPU = Debug|Any CPU
		Release|Any CPU = Release|Any CPU
	EndGlobalSection
	GlobalSection(ProjectConfigurationPlatforms) = postSolution
		{DA524AE6-48D7-4A1A-AF58-0D4845B52D57}.Debug|Any CPU.ActiveCfg = Debug|Any CPU
		{DA524AE6-48D7-4A1A-AF58-0D4845B52D57}.Debug|Any CPU.Build.0 = Debug|Any CPU
		{DA524AE6-48D7-4A1A-AF58-0D4845B52D57}.Release|Any CPU.ActiveCfg = Release|Any CPU
		{DA524AE6-48D7-4A1A-AF58-0D4845B52D57}.Release|Any CPU.Build.0 = Release|Any CPU
	EndGlobalSection
	GlobalSection(SolutionProperties) = preSolution
		HideSolutionNode = FALSE
	EndGlobalSection
	GlobalSection(ExtensibilityGlobals) = postSolution
		SolutionGuid = {2AAB9791-B65D-4116-939B-3D20E80707A9}
	EndGlobalSection
EndGlobal
