
Microsoft Visual Studio Solution File, Format Version 12.00
# Visual Studio Version 16
VisualStudioVersion = 16.0.32802.440
MinimumVisualStudioVersion = 10.0.40219.1
Project("{FAE04EC0-301F-11D3-BF4B-00C04F79EFBC}") = "De2_ontap", "De2_ontap\De2_ontap.csproj", "{A93D32F1-96F4-4B53-B29C-A6740E8D6BD8}"
EndProject
Global
	GlobalSection(SolutionConfigurationPlatforms) = preSolution
		Debug|Any CPU = Debug|Any CPU
		Release|Any CPU = Release|Any CPU
	EndGlobalSection
	GlobalSection(ProjectConfigurationPlatforms) = postSolution
		{A93D32F1-96F4-4B53-B29C-A6740E8D6BD8}.Debug|Any CPU.ActiveCfg = Debug|Any CPU
		{A93D32F1-96F4-4B53-B29C-A6740E8D6BD8}.Debug|Any CPU.Build.0 = Debug|Any CPU
		{A93D32F1-96F4-4B53-B29C-A6740E8D6BD8}.Release|Any CPU.ActiveCfg = Release|Any CPU
		{A93D32F1-96F4-4B53-B29C-A6740E8D6BD8}.Release|Any CPU.Build.0 = Release|Any CPU
	EndGlobalSection
	GlobalSection(SolutionProperties) = preSolution
		HideSolutionNode = FALSE
	EndGlobalSection
	GlobalSection(ExtensibilityGlobals) = postSolution
		SolutionGuid = {46F756FA-FF00-41E5-B0BD-53B7CBF61303}
	EndGlobalSection
EndGlobal
