
Microsoft Visual Studio Solution File, Format Version 12.00
# Visual Studio Version 16
VisualStudioVersion = 16.0.32802.440
MinimumVisualStudioVersion = 10.0.40219.1
Project("{FAE04EC0-301F-11D3-BF4B-00C04F79EFBC}") = "bai2", "bai2\bai2.csproj", "{1B12E489-2616-425D-AE70-770CE833A73D}"
EndProject
Global
	GlobalSection(SolutionConfigurationPlatforms) = preSolution
		Debug|Any CPU = Debug|Any CPU
		Release|Any CPU = Release|Any CPU
	EndGlobalSection
	GlobalSection(ProjectConfigurationPlatforms) = postSolution
		{1B12E489-2616-425D-AE70-770CE833A73D}.Debug|Any CPU.ActiveCfg = Debug|Any CPU
		{1B12E489-2616-425D-AE70-770CE833A73D}.Debug|Any CPU.Build.0 = Debug|Any CPU
		{1B12E489-2616-425D-AE70-770CE833A73D}.Release|Any CPU.ActiveCfg = Release|Any CPU
		{1B12E489-2616-425D-AE70-770CE833A73D}.Release|Any CPU.Build.0 = Release|Any CPU
	EndGlobalSection
	GlobalSection(SolutionProperties) = preSolution
		HideSolutionNode = FALSE
	EndGlobalSection
	GlobalSection(ExtensibilityGlobals) = postSolution
		SolutionGuid = {30156BEB-E6E3-4C27-B528-DA5D4E6372F4}
	EndGlobalSection
EndGlobal
